
Microsoft Visual Studio Solution File, Format Version 12.00
# Visual Studio 2013
VisualStudioVersion = 12.0.30501.0
MinimumVisualStudioVersion = 10.0.40219.1
Project("{FAE04EC0-301F-11D3-BF4B-00C04F79EFBC}") = "Composite", "Composite\Composite.csproj", "{654EDDE6-F6C2-4B72-AC11-002A9D94C47A}"
EndProject
Project("{FAE04EC0-301F-11D3-BF4B-00C04F79EFBC}") = "Interator", "Interator\Interator.csproj", "{702C08FB-561E-441C-85FC-B164EED002BE}"
EndProject
Project("{FAE04EC0-301F-11D3-BF4B-00C04F79EFBC}") = "Proxy", "Proxy\Proxy.csproj", "{F94080E1-BFC9-42A2-B696-602BA7E09F80}"
EndProject
Project("{FAE04EC0-301F-11D3-BF4B-00C04F79EFBC}") = "AbatractFactory", "AbatractFactory\AbatractFactory.csproj", "{EE24BD45-72FC-479D-85B7-75EADF439A93}"
EndProject
Project("{FAE04EC0-301F-11D3-BF4B-00C04F79EFBC}") = "FactoryMethod", "FactoryMethod\FactoryMethod.csproj", "{A810AF0F-801F-4588-8BB8-3656AF649F24}"
EndProject
Global
	GlobalSection(SolutionConfigurationPlatforms) = preSolution
		Debug|Any CPU = Debug|Any CPU
		Release|Any CPU = Release|Any CPU
	EndGlobalSection
	GlobalSection(ProjectConfigurationPlatforms) = postSolution
		{654EDDE6-F6C2-4B72-AC11-002A9D94C47A}.Debug|Any CPU.ActiveCfg = Debug|Any CPU
		{654EDDE6-F6C2-4B72-AC11-002A9D94C47A}.Debug|Any CPU.Build.0 = Debug|Any CPU
		{654EDDE6-F6C2-4B72-AC11-002A9D94C47A}.Release|Any CPU.ActiveCfg = Release|Any CPU
		{654EDDE6-F6C2-4B72-AC11-002A9D94C47A}.Release|Any CPU.Build.0 = Release|Any CPU
		{702C08FB-561E-441C-85FC-B164EED002BE}.Debug|Any CPU.ActiveCfg = Debug|Any CPU
		{702C08FB-561E-441C-85FC-B164EED002BE}.Debug|Any CPU.Build.0 = Debug|Any CPU
		{702C08FB-561E-441C-85FC-B164EED002BE}.Release|Any CPU.ActiveCfg = Release|Any CPU
		{702C08FB-561E-441C-85FC-B164EED002BE}.Release|Any CPU.Build.0 = Release|Any CPU
		{F94080E1-BFC9-42A2-B696-602BA7E09F80}.Debug|Any CPU.ActiveCfg = Debug|Any CPU
		{F94080E1-BFC9-42A2-B696-602BA7E09F80}.Debug|Any CPU.Build.0 = Debug|Any CPU
		{F94080E1-BFC9-42A2-B696-602BA7E09F80}.Release|Any CPU.ActiveCfg = Release|Any CPU
		{F94080E1-BFC9-42A2-B696-602BA7E09F80}.Release|Any CPU.Build.0 = Release|Any CPU
		{EE24BD45-72FC-479D-85B7-75EADF439A93}.Debug|Any CPU.ActiveCfg = Debug|Any CPU
		{EE24BD45-72FC-479D-85B7-75EADF439A93}.Debug|Any CPU.Build.0 = Debug|Any CPU
		{EE24BD45-72FC-479D-85B7-75EADF439A93}.Release|Any CPU.ActiveCfg = Release|Any CPU
		{EE24BD45-72FC-479D-85B7-75EADF439A93}.Release|Any CPU.Build.0 = Release|Any CPU
		{A810AF0F-801F-4588-8BB8-3656AF649F24}.Debug|Any CPU.ActiveCfg = Debug|Any CPU
		{A810AF0F-801F-4588-8BB8-3656AF649F24}.Debug|Any CPU.Build.0 = Debug|Any CPU
		{A810AF0F-801F-4588-8BB8-3656AF649F24}.Release|Any CPU.ActiveCfg = Release|Any CPU
		{A810AF0F-801F-4588-8BB8-3656AF649F24}.Release|Any CPU.Build.0 = Release|Any CPU
	EndGlobalSection
	GlobalSection(SolutionProperties) = preSolution
		HideSolutionNode = FALSE
	EndGlobalSection
EndGlobal
