
Microsoft Visual Studio Solution File, Format Version 12.00
# Visual Studio 2013
VisualStudioVersion = 12.0.30501.0
MinimumVisualStudioVersion = 10.0.40219.1
Project("{FAE04EC0-301F-11D3-BF4B-00C04F79EFBC}") = "Composite", "Composite\Composite.csproj", "{654EDDE6-F6C2-4B72-AC11-002A9D94C47A}"
EndProject
Project("{FAE04EC0-301F-11D3-BF4B-00C04F79EFBC}") = "Interator", "Interator\Interator.csproj", "{702C08FB-561E-441C-85FC-B164EED002BE}"
EndProject
Global
	GlobalSection(SolutionConfigurationPlatforms) = preSolution
		Debug|Any CPU = Debug|Any CPU
		Release|Any CPU = Release|Any CPU
	EndGlobalSection
	GlobalSection(ProjectConfigurationPlatforms) = postSolution
		{654EDDE6-F6C2-4B72-AC11-002A9D94C47A}.Debug|Any CPU.ActiveCfg = Debug|Any CPU
		{654EDDE6-F6C2-4B72-AC11-002A9D94C47A}.Debug|Any CPU.Build.0 = Debug|Any CPU
		{654EDDE6-F6C2-4B72-AC11-002A9D94C47A}.Release|Any CPU.ActiveCfg = Release|Any CPU
		{654EDDE6-F6C2-4B72-AC11-002A9D94C47A}.Release|Any CPU.Build.0 = Release|Any CPU
		{702C08FB-561E-441C-85FC-B164EED002BE}.Debug|Any CPU.ActiveCfg = Debug|Any CPU
		{702C08FB-561E-441C-85FC-B164EED002BE}.Debug|Any CPU.Build.0 = Debug|Any CPU
		{702C08FB-561E-441C-85FC-B164EED002BE}.Release|Any CPU.ActiveCfg = Release|Any CPU
		{702C08FB-561E-441C-85FC-B164EED002BE}.Release|Any CPU.Build.0 = Release|Any CPU
	EndGlobalSection
	GlobalSection(SolutionProperties) = preSolution
		HideSolutionNode = FALSE
	EndGlobalSection
EndGlobal
